
Microsoft Visual Studio Solution File, Format Version 12.00
# Visual Studio Version 17
VisualStudioVersion = 17.0.31903.59
MinimumVisualStudioVersion = 10.0.40219.1
Project("{2150E333-8FDC-42A3-9474-1A3956D46DE8}") = "src", "src", "{889236E6-0738-4D8D-B9AF-288D2BC238E5}"
EndProject
Project("{FAE04EC0-301F-11D3-BF4B-00C04F79EFBC}") = "PosSaas.Api", "src\PosSaas.Api\PosSaas.Api.csproj", "{B42675F5-04D2-452A-B344-4E019B4A2B49}"
EndProject
Project("{FAE04EC0-301F-11D3-BF4B-00C04F79EFBC}") = "PosSaas.Domain", "src\PosSaas.Domain\PosSaas.Domain.csproj", "{3FD6EDAF-DEF4-4DBB-984E-C5A29E27B93B}"
EndProject
Project("{FAE04EC0-301F-11D3-BF4B-00C04F79EFBC}") = "PosSaas.Infrastructure", "src\PosSaas.Infrastructure\PosSaas.Infrastructure.csproj", "{478FEC12-B4EF-41F1-9B58-68CB17747EBA}"
EndProject
Project("{FAE04EC0-301F-11D3-BF4B-00C04F79EFBC}") = "PosSaas.Tests", "src\PosSaas.Tests\PosSaas.Tests.csproj", "{A1B2C3D4-5E6F-47A8-9B0C-1D2E3F4A5B6C}"
EndProject
Global
	GlobalSection(SolutionConfigurationPlatforms) = preSolution
		Debug|Any CPU = Debug|Any CPU
		Release|Any CPU = Release|Any CPU
	EndGlobalSection
	GlobalSection(SolutionProperties) = preSolution
		HideSolutionNode = FALSE
	EndGlobalSection
	GlobalSection(ProjectConfigurationPlatforms) = postSolution
		{B42675F5-04D2-452A-B344-4E019B4A2B49}.Debug|Any CPU.ActiveCfg = Debug|Any CPU
		{B42675F5-04D2-452A-B344-4E019B4A2B49}.Debug|Any CPU.Build.0 = Debug|Any CPU
		{B42675F5-04D2-452A-B344-4E019B4A2B49}.Release|Any CPU.ActiveCfg = Release|Any CPU
		{B42675F5-04D2-452A-B344-4E019B4A2B49}.Release|Any CPU.Build.0 = Release|Any CPU
		{3FD6EDAF-DEF4-4DBB-984E-C5A29E27B93B}.Debug|Any CPU.ActiveCfg = Debug|Any CPU
		{3FD6EDAF-DEF4-4DBB-984E-C5A29E27B93B}.Debug|Any CPU.Build.0 = Debug|Any CPU
		{3FD6EDAF-DEF4-4DBB-984E-C5A29E27B93B}.Release|Any CPU.ActiveCfg = Release|Any CPU
		{3FD6EDAF-DEF4-4DBB-984E-C5A29E27B93B}.Release|Any CPU.Build.0 = Release|Any CPU
		{478FEC12-B4EF-41F1-9B58-68CB17747EBA}.Debug|Any CPU.ActiveCfg = Debug|Any CPU
		{478FEC12-B4EF-41F1-9B58-68CB17747EBA}.Debug|Any CPU.Build.0 = Debug|Any CPU
		{478FEC12-B4EF-41F1-9B58-68CB17747EBA}.Release|Any CPU.ActiveCfg = Release|Any CPU
		{478FEC12-B4EF-41F1-9B58-68CB17747EBA}.Release|Any CPU.Build.0 = Release|Any CPU
		{A1B2C3D4-5E6F-47A8-9B0C-1D2E3F4A5B6C}.Debug|Any CPU.ActiveCfg = Debug|Any CPU
		{A1B2C3D4-5E6F-47A8-9B0C-1D2E3F4A5B6C}.Debug|Any CPU.Build.0 = Debug|Any CPU
		{A1B2C3D4-5E6F-47A8-9B0C-1D2E3F4A5B6C}.Release|Any CPU.ActiveCfg = Release|Any CPU
		{A1B2C3D4-5E6F-47A8-9B0C-1D2E3F4A5B6C}.Release|Any CPU.Build.0 = Release|Any CPU
	EndGlobalSection
	GlobalSection(NestedProjects) = preSolution
		{B42675F5-04D2-452A-B344-4E019B4A2B49} = {889236E6-0738-4D8D-B9AF-288D2BC238E5}
		{3FD6EDAF-DEF4-4DBB-984E-C5A29E27B93B} = {889236E6-0738-4D8D-B9AF-288D2BC238E5}
		{478FEC12-B4EF-41F1-9B58-68CB17747EBA} = {889236E6-0738-4D8D-B9AF-288D2BC238E5}
		{A1B2C3D4-5E6F-47A8-9B0C-1D2E3F4A5B6C} = {889236E6-0738-4D8D-B9AF-288D2BC238E5}
	EndGlobalSection
EndGlobal
